
Microsoft Visual Studio Solution File, Format Version 12.00
# Visual Studio Version 16
VisualStudioVersion = 16.0.30907.101
MinimumVisualStudioVersion = 10.0.40219.1
Project("{FAE04EC0-301F-11D3-BF4B-00C04F79EFBC}") = "HotelProject", "HotelProject\HotelProject.csproj", "{1C97EA90-CD24-43D4-8669-29F2C7A34F37}"
EndProject
Global
	GlobalSection(SolutionConfigurationPlatforms) = preSolution
		Debug|Any CPU = Debug|Any CPU
		Release|Any CPU = Release|Any CPU
	EndGlobalSection
	GlobalSection(ProjectConfigurationPlatforms) = postSolution
		{1C97EA90-CD24-43D4-8669-29F2C7A34F37}.Debug|Any CPU.ActiveCfg = Debug|Any CPU
		{1C97EA90-CD24-43D4-8669-29F2C7A34F37}.Debug|Any CPU.Build.0 = Debug|Any CPU
		{1C97EA90-CD24-43D4-8669-29F2C7A34F37}.Release|Any CPU.ActiveCfg = Release|Any CPU
		{1C97EA90-CD24-43D4-8669-29F2C7A34F37}.Release|Any CPU.Build.0 = Release|Any CPU
	EndGlobalSection
	GlobalSection(SolutionProperties) = preSolution
		HideSolutionNode = FALSE
	EndGlobalSection
	GlobalSection(ExtensibilityGlobals) = postSolution
		SolutionGuid = {CDA08188-8112-4F5A-B462-31F305866B38}
	EndGlobalSection
EndGlobal
